
Microsoft Visual Studio Solution File, Format Version 12.00
# Visual Studio Version 16
VisualStudioVersion = 16.0.30611.23
MinimumVisualStudioVersion = 10.0.40219.1
Project("{FAE04EC0-301F-11D3-BF4B-00C04F79EFBC}") = "labsheet-7", "labsheet-7\labsheet-7.csproj", "{CE36B72A-BC9A-403D-9A5E-D282C644A7D8}"
EndProject
Global
	GlobalSection(SolutionConfigurationPlatforms) = preSolution
		Debug|Any CPU = Debug|Any CPU
		Release|Any CPU = Release|Any CPU
	EndGlobalSection
	GlobalSection(ProjectConfigurationPlatforms) = postSolution
		{CE36B72A-BC9A-403D-9A5E-D282C644A7D8}.Debug|Any CPU.ActiveCfg = Debug|Any CPU
		{CE36B72A-BC9A-403D-9A5E-D282C644A7D8}.Debug|Any CPU.Build.0 = Debug|Any CPU
		{CE36B72A-BC9A-403D-9A5E-D282C644A7D8}.Release|Any CPU.ActiveCfg = Release|Any CPU
		{CE36B72A-BC9A-403D-9A5E-D282C644A7D8}.Release|Any CPU.Build.0 = Release|Any CPU
	EndGlobalSection
	GlobalSection(SolutionProperties) = preSolution
		HideSolutionNode = FALSE
	EndGlobalSection
	GlobalSection(ExtensibilityGlobals) = postSolution
		SolutionGuid = {CEAC69BE-5327-42EF-97CF-1D222E4A11FB}
	EndGlobalSection
EndGlobal
